# THIS IS AN AUTOGENERATED FILE. DO NOT EDIT THIS FILE DIRECTLY.
# yarn lockfile v1


"@types/lodash.camelcase@^4.3.6":
  version "4.3.6"
  resolved "https://registry.npmjs.org/@types/lodash.camelcase/-/lodash.camelcase-4.3.6.tgz#393c748b70cd926fc629e6502a9d0929f217d5fd"
  integrity sha512-hd/TEuPd76Jtf1xEq85CHbCqR+iqvs5IOKyrYbiaOg69BRQgPN9XkvLj8Jl8rBp/dfJ2wQ1AVcP8mZmybq7kIg==
  dependencies:
    "@types/lodash" "*"

"@types/lodash@*":
  version "4.14.165"
  resolved "https://registry.npmjs.org/@types/lodash/-/lodash-4.14.165.tgz#74d55d947452e2de0742bad65270433b63a8c30f"
  integrity sha512-tjSSOTHhI5mCHTy/OOXYIhi2Wt1qcbHmuXD1Ha7q70CgI/I71afO4XtLb/cVexki1oVYchpul/TOuu3Arcdxrg==

lodash.camelcase@^4.3.0:
  version "4.3.0"
  resolved "https://registry.npmjs.org/lodash.camelcase/-/lodash.camelcase-4.3.0.tgz#b28aa6288a2b9fc651035c7711f65ab6190331a6"
  integrity sha1-soqmKIorn8ZRA1x3EfZathkDMaY=
